
Microsoft Visual Studio Solution File, Format Version 12.00
# Visual Studio Version 16
VisualStudioVersion = 16.0.30503.244
MinimumVisualStudioVersion = 10.0.40219.1
Project("{9A19103F-16F7-4668-BE54-9A1E7A4F7556}") = "Comfy.API", "Comfy.API\Comfy.API.csproj", "{316F5FB9-70FD-42E8-81FF-787E218DA05B}"
EndProject
Project("{2150E333-8FDC-42A3-9474-1A3956D46DE8}") = "1.PRESENTATION", "1.PRESENTATION", "{8D723085-48E0-4298-8461-1CA4CA34DBE1}"
EndProject
Project("{2150E333-8FDC-42A3-9474-1A3956D46DE8}") = "3.SERVICES", "3.SERVICES", "{B2CA24E0-EFEF-4AC0-BE65-38860AB89580}"
EndProject
Project("{9A19103F-16F7-4668-BE54-9A1E7A4F7556}") = "Comfy.Services", "Comfy.Services\Comfy.Services.csproj", "{5F6EFF72-CC43-4A48-91A7-21FB9B6EAFCB}"
EndProject
Project("{9A19103F-16F7-4668-BE54-9A1E7A4F7556}") = "Comfy.Product", "Comfy.Product\Comfy.Product.csproj", "{39CB5F7A-59DD-45EA-AD7E-27A43C40CC33}"
EndProject
Project("{2150E333-8FDC-42A3-9474-1A3956D46DE8}") = "2.Product", "2.Product", "{C15B01EC-2E96-4852-A84B-7925D27FA1A6}"
EndProject
Project("{2150E333-8FDC-42A3-9474-1A3956D46DE8}") = "4.REPOSITORIES", "4.REPOSITORIES", "{3E803361-25FF-47FA-81DB-6EBADAE12DA3}"
EndProject
Project("{9A19103F-16F7-4668-BE54-9A1E7A4F7556}") = "Comfy.Db.SQL", "Comfy.Repositories\Comfy.Repository.Db.SQL\Comfy.Db.SQL.csproj", "{B798CDEE-C49D-4E67-ACFD-F401DEDD2B46}"
EndProject
Project("{2150E333-8FDC-42A3-9474-1A3956D46DE8}") = "0.SYSTEM_OBJECTS", "0.SYSTEM_OBJECTS", "{F512918C-8424-481B-875C-022607DBDE48}"
EndProject
Project("{9A19103F-16F7-4668-BE54-9A1E7A4F7556}") = "Comfy.SystemObjects", "Comfy.SystemObjects\Comfy.SystemObjects.csproj", "{9B5D4E58-F51B-4ABF-B7B7-CC16D003E471}"
EndProject
Project("{9A19103F-16F7-4668-BE54-9A1E7A4F7556}") = "Comfy.Repository.Db.SQL.Migrations", "Comfy.Repositories\Comfy.Repository.Db.SQL.Migrations\Comfy.Db.SQL.Migrations.csproj", "{63F1C904-4513-4406-BD92-CC023E2BFCC7}"
EndProject
Project("{2150E333-8FDC-42A3-9474-1A3956D46DE8}") = "5.TESTS", "5.TESTS", "{E194CA0D-F189-4188-B181-281CB098F620}"
EndProject
Project("{9A19103F-16F7-4668-BE54-9A1E7A4F7556}") = "Comfy.Tests.Unit", "Comfy.Tests.Unit\Comfy.Tests.Unit.csproj", "{8704C037-385D-4DD1-ABB7-A83CB624700F}"
EndProject
Project("{9A19103F-16F7-4668-BE54-9A1E7A4F7556}") = "Comfy.Tests.Integration", "Comfy.Tests.Integration\Comfy.Tests.Integration.csproj", "{218249FF-6A42-40F0-AFD9-03183C907346}"
EndProject
Global
	GlobalSection(SolutionConfigurationPlatforms) = preSolution
		Debug|Any CPU = Debug|Any CPU
		Release|Any CPU = Release|Any CPU
	EndGlobalSection
	GlobalSection(ProjectConfigurationPlatforms) = postSolution
		{316F5FB9-70FD-42E8-81FF-787E218DA05B}.Debug|Any CPU.ActiveCfg = Debug|Any CPU
		{316F5FB9-70FD-42E8-81FF-787E218DA05B}.Debug|Any CPU.Build.0 = Debug|Any CPU
		{316F5FB9-70FD-42E8-81FF-787E218DA05B}.Release|Any CPU.ActiveCfg = Release|Any CPU
		{316F5FB9-70FD-42E8-81FF-787E218DA05B}.Release|Any CPU.Build.0 = Release|Any CPU
		{5F6EFF72-CC43-4A48-91A7-21FB9B6EAFCB}.Debug|Any CPU.ActiveCfg = Debug|Any CPU
		{5F6EFF72-CC43-4A48-91A7-21FB9B6EAFCB}.Debug|Any CPU.Build.0 = Debug|Any CPU
		{5F6EFF72-CC43-4A48-91A7-21FB9B6EAFCB}.Release|Any CPU.ActiveCfg = Release|Any CPU
		{5F6EFF72-CC43-4A48-91A7-21FB9B6EAFCB}.Release|Any CPU.Build.0 = Release|Any CPU
		{39CB5F7A-59DD-45EA-AD7E-27A43C40CC33}.Debug|Any CPU.ActiveCfg = Debug|Any CPU
		{39CB5F7A-59DD-45EA-AD7E-27A43C40CC33}.Debug|Any CPU.Build.0 = Debug|Any CPU
		{39CB5F7A-59DD-45EA-AD7E-27A43C40CC33}.Release|Any CPU.ActiveCfg = Release|Any CPU
		{39CB5F7A-59DD-45EA-AD7E-27A43C40CC33}.Release|Any CPU.Build.0 = Release|Any CPU
		{B798CDEE-C49D-4E67-ACFD-F401DEDD2B46}.Debug|Any CPU.ActiveCfg = Debug|Any CPU
		{B798CDEE-C49D-4E67-ACFD-F401DEDD2B46}.Debug|Any CPU.Build.0 = Debug|Any CPU
		{B798CDEE-C49D-4E67-ACFD-F401DEDD2B46}.Release|Any CPU.ActiveCfg = Release|Any CPU
		{B798CDEE-C49D-4E67-ACFD-F401DEDD2B46}.Release|Any CPU.Build.0 = Release|Any CPU
		{9B5D4E58-F51B-4ABF-B7B7-CC16D003E471}.Debug|Any CPU.ActiveCfg = Debug|Any CPU
		{9B5D4E58-F51B-4ABF-B7B7-CC16D003E471}.Debug|Any CPU.Build.0 = Debug|Any CPU
		{9B5D4E58-F51B-4ABF-B7B7-CC16D003E471}.Release|Any CPU.ActiveCfg = Release|Any CPU
		{9B5D4E58-F51B-4ABF-B7B7-CC16D003E471}.Release|Any CPU.Build.0 = Release|Any CPU
		{63F1C904-4513-4406-BD92-CC023E2BFCC7}.Debug|Any CPU.ActiveCfg = Debug|Any CPU
		{63F1C904-4513-4406-BD92-CC023E2BFCC7}.Debug|Any CPU.Build.0 = Debug|Any CPU
		{63F1C904-4513-4406-BD92-CC023E2BFCC7}.Release|Any CPU.ActiveCfg = Release|Any CPU
		{63F1C904-4513-4406-BD92-CC023E2BFCC7}.Release|Any CPU.Build.0 = Release|Any CPU
		{8704C037-385D-4DD1-ABB7-A83CB624700F}.Debug|Any CPU.ActiveCfg = Debug|Any CPU
		{8704C037-385D-4DD1-ABB7-A83CB624700F}.Debug|Any CPU.Build.0 = Debug|Any CPU
		{8704C037-385D-4DD1-ABB7-A83CB624700F}.Release|Any CPU.ActiveCfg = Release|Any CPU
		{8704C037-385D-4DD1-ABB7-A83CB624700F}.Release|Any CPU.Build.0 = Release|Any CPU
		{218249FF-6A42-40F0-AFD9-03183C907346}.Debug|Any CPU.ActiveCfg = Debug|Any CPU
		{218249FF-6A42-40F0-AFD9-03183C907346}.Debug|Any CPU.Build.0 = Debug|Any CPU
		{218249FF-6A42-40F0-AFD9-03183C907346}.Release|Any CPU.ActiveCfg = Release|Any CPU
		{218249FF-6A42-40F0-AFD9-03183C907346}.Release|Any CPU.Build.0 = Release|Any CPU
	EndGlobalSection
	GlobalSection(SolutionProperties) = preSolution
		HideSolutionNode = FALSE
	EndGlobalSection
	GlobalSection(NestedProjects) = preSolution
		{316F5FB9-70FD-42E8-81FF-787E218DA05B} = {8D723085-48E0-4298-8461-1CA4CA34DBE1}
		{5F6EFF72-CC43-4A48-91A7-21FB9B6EAFCB} = {B2CA24E0-EFEF-4AC0-BE65-38860AB89580}
		{39CB5F7A-59DD-45EA-AD7E-27A43C40CC33} = {C15B01EC-2E96-4852-A84B-7925D27FA1A6}
		{B798CDEE-C49D-4E67-ACFD-F401DEDD2B46} = {3E803361-25FF-47FA-81DB-6EBADAE12DA3}
		{9B5D4E58-F51B-4ABF-B7B7-CC16D003E471} = {F512918C-8424-481B-875C-022607DBDE48}
		{63F1C904-4513-4406-BD92-CC023E2BFCC7} = {3E803361-25FF-47FA-81DB-6EBADAE12DA3}
		{8704C037-385D-4DD1-ABB7-A83CB624700F} = {E194CA0D-F189-4188-B181-281CB098F620}
		{218249FF-6A42-40F0-AFD9-03183C907346} = {E194CA0D-F189-4188-B181-281CB098F620}
	EndGlobalSection
	GlobalSection(ExtensibilityGlobals) = postSolution
		SolutionGuid = {48AF967F-1617-47CA-8917-3C61CA8746BA}
	EndGlobalSection
EndGlobal
